
Microsoft Visual Studio Solution File, Format Version 12.00
# Visual Studio Version 17
VisualStudioVersion = 17.2.32616.157
MinimumVisualStudioVersion = 10.0.40219.1
Project("{FAE04EC0-301F-11D3-BF4B-00C04F79EFBC}") = "PassGen", "PassGen\PassGen.csproj", "{FD4698C1-F873-4D13-8571-EA29CBCEB49C}"
EndProject
Global
	GlobalSection(SolutionConfigurationPlatforms) = preSolution
		Debug|Any CPU = Debug|Any CPU
		Release|Any CPU = Release|Any CPU
	EndGlobalSection
	GlobalSection(ProjectConfigurationPlatforms) = postSolution
		{FD4698C1-F873-4D13-8571-EA29CBCEB49C}.Debug|Any CPU.ActiveCfg = Debug|Any CPU
		{FD4698C1-F873-4D13-8571-EA29CBCEB49C}.Debug|Any CPU.Build.0 = Debug|Any CPU
		{FD4698C1-F873-4D13-8571-EA29CBCEB49C}.Release|Any CPU.ActiveCfg = Release|Any CPU
		{FD4698C1-F873-4D13-8571-EA29CBCEB49C}.Release|Any CPU.Build.0 = Release|Any CPU
	EndGlobalSection
	GlobalSection(SolutionProperties) = preSolution
		HideSolutionNode = FALSE
	EndGlobalSection
	GlobalSection(ExtensibilityGlobals) = postSolution
		SolutionGuid = {EEF8B70D-283C-42FE-BB32-39A9CEAF83C8}
	EndGlobalSection
EndGlobal
